
Microsoft Visual Studio Solution File, Format Version 12.00
# Visual Studio 15
VisualStudioVersion = 15.0.28307.779
MinimumVisualStudioVersion = 10.0.40219.1
Project("{FAE04EC0-301F-11D3-BF4B-00C04F79EFBC}") = "Collection(SortedList)", "Collection(SortedList)\Collection(SortedList).csproj", "{60D8CB75-34A5-44F0-8773-53E9568C7EB1}"
EndProject
Global
	GlobalSection(SolutionConfigurationPlatforms) = preSolution
		Debug|Any CPU = Debug|Any CPU
		Release|Any CPU = Release|Any CPU
	EndGlobalSection
	GlobalSection(ProjectConfigurationPlatforms) = postSolution
		{60D8CB75-34A5-44F0-8773-53E9568C7EB1}.Debug|Any CPU.ActiveCfg = Debug|Any CPU
		{60D8CB75-34A5-44F0-8773-53E9568C7EB1}.Debug|Any CPU.Build.0 = Debug|Any CPU
		{60D8CB75-34A5-44F0-8773-53E9568C7EB1}.Release|Any CPU.ActiveCfg = Release|Any CPU
		{60D8CB75-34A5-44F0-8773-53E9568C7EB1}.Release|Any CPU.Build.0 = Release|Any CPU
	EndGlobalSection
	GlobalSection(SolutionProperties) = preSolution
		HideSolutionNode = FALSE
	EndGlobalSection
	GlobalSection(ExtensibilityGlobals) = postSolution
		SolutionGuid = {5A1E7217-6086-4183-85C7-8FA85D9D39DF}
	EndGlobalSection
EndGlobal
